
Microsoft Visual Studio Solution File, Format Version 12.00
# Visual Studio Version 17
VisualStudioVersion = 17.3.32825.248
MinimumVisualStudioVersion = 10.0.40219.1
Project("{FAE04EC0-301F-11D3-BF4B-00C04F79EFBC}") = "18.3", "18.3\18.3.csproj", "{2C0E22CC-9068-450F-9013-B94F5B4CAB82}"
EndProject
Global
	GlobalSection(SolutionConfigurationPlatforms) = preSolution
		Debug|Any CPU = Debug|Any CPU
		Release|Any CPU = Release|Any CPU
	EndGlobalSection
	GlobalSection(ProjectConfigurationPlatforms) = postSolution
		{2C0E22CC-9068-450F-9013-B94F5B4CAB82}.Debug|Any CPU.ActiveCfg = Debug|Any CPU
		{2C0E22CC-9068-450F-9013-B94F5B4CAB82}.Debug|Any CPU.Build.0 = Debug|Any CPU
		{2C0E22CC-9068-450F-9013-B94F5B4CAB82}.Release|Any CPU.ActiveCfg = Release|Any CPU
		{2C0E22CC-9068-450F-9013-B94F5B4CAB82}.Release|Any CPU.Build.0 = Release|Any CPU
	EndGlobalSection
	GlobalSection(SolutionProperties) = preSolution
		HideSolutionNode = FALSE
	EndGlobalSection
	GlobalSection(ExtensibilityGlobals) = postSolution
		SolutionGuid = {1AB5347B-5B86-45CE-8290-2A898FF86378}
	EndGlobalSection
EndGlobal
